
Microsoft Visual Studio Solution File, Format Version 12.00
# Visual Studio Version 16
VisualStudioVersion = 16.0.30309.148
MinimumVisualStudioVersion = 10.0.40219.1
Project("{9A19103F-16F7-4668-BE54-9A1E7A4F7556}") = "BogaVision", "BogaVision\BogaVision.csproj", "{CACFA17B-3A0B-4E2F-9DAB-F81E255EDFD2}"
EndProject
Global
	GlobalSection(SolutionConfigurationPlatforms) = preSolution
		Debug|Any CPU = Debug|Any CPU
		Release|Any CPU = Release|Any CPU
	EndGlobalSection
	GlobalSection(ProjectConfigurationPlatforms) = postSolution
		{CACFA17B-3A0B-4E2F-9DAB-F81E255EDFD2}.Debug|Any CPU.ActiveCfg = Debug|Any CPU
		{CACFA17B-3A0B-4E2F-9DAB-F81E255EDFD2}.Debug|Any CPU.Build.0 = Debug|Any CPU
		{CACFA17B-3A0B-4E2F-9DAB-F81E255EDFD2}.Release|Any CPU.ActiveCfg = Release|Any CPU
		{CACFA17B-3A0B-4E2F-9DAB-F81E255EDFD2}.Release|Any CPU.Build.0 = Release|Any CPU
	EndGlobalSection
	GlobalSection(SolutionProperties) = preSolution
		HideSolutionNode = FALSE
	EndGlobalSection
	GlobalSection(ExtensibilityGlobals) = postSolution
		SolutionGuid = {18700187-2F1A-4B8C-A072-811BFD231853}
	EndGlobalSection
EndGlobal
